{
  "name": "tsrpc-base",
  "version": "2.1.2",
  "lockfileVersion": 2,
  "requires": true,
  "packages": {
    "": {
      "name": "tsrpc-base",
      "version": "2.1.2",
      "license": "MIT",
      "dependencies": {
        "k8w-extend-native": "^1.4.6",
        "tsbuffer": "^2.2.3",
        "tslib": "*"
      }
    },
    "node_modules/k8w-extend-native": {
      "version": "1.4.6",
      "resolved": "https://registry.npmjs.org/k8w-extend-native/-/k8w-extend-native-1.4.6.tgz",
      "integrity": "sha512-AHTCyFshldMme0s9FKD+QKG+QZdBkHXzl+8kYfNhsSDhcdQ5TYWQwphjecSJjxNdGd78TIbO0fHiOvM+Ei22YA==",
      "dependencies": {
        "k8w-linq-array": "*",
        "k8w-super-date": "*",
        "k8w-super-object": "*"
      }
    },
    "node_modules/k8w-extend-native/node_modules/k8w-linq-array": {
      "version": "0.2.8",
      "resolved": "https://registry.npmjs.org/k8w-linq-array/-/k8w-linq-array-0.2.8.tgz",
      "integrity": "sha512-4IAkQN8UJdk804tQi++wuwSZvFWk/Wcl1uG5PR/0c0YvB5hUd2f8tJm3OgOMOxjV9UVByNLvnPYGIwrFQPpjlA=="
    },
    "node_modules/k8w-extend-native/node_modules/k8w-super-date": {
      "version": "0.1.3",
      "resolved": "https://registry.npmjs.org/k8w-super-date/-/k8w-super-date-0.1.3.tgz",
      "integrity": "sha512-IBqKOAMAXR/bgzu+rYI30tEMP/Y6Q8HQuqJiTkE2mLJg11yok9guoi8uZTynTahviVBndcfBpOgi1H/zhihv7w=="
    },
    "node_modules/k8w-extend-native/node_modules/k8w-super-object": {
      "version": "0.3.0",
      "resolved": "https://registry.npmjs.org/k8w-super-object/-/k8w-super-object-0.3.0.tgz",
      "integrity": "sha512-u2jfh4goYXKZmSucaLaOTaNbLRatjv0CSRpzE0KU0732+9XtYZFd5vrdw/mzJfK5fPHb/zyikOSHDX5mJrav+g=="
    },
    "node_modules/tsbuffer": {
      "version": "2.2.3",
      "resolved": "https://registry.npmjs.org/tsbuffer/-/tsbuffer-2.2.3.tgz",
      "integrity": "sha512-y09egv1BJr4bDSIau88oH14n5AMN1UtDPZ6Fknmj7vb575Xf6OqK90Z7vKdhHOkTJg/1nkkf2iAz7EvC8WVKzA==",
      "dependencies": {
        "k8w-extend-native": "^1.4.6",
        "tsbuffer-validator": "^2.1.0",
        "tslib": "*"
      }
    },
    "node_modules/tsbuffer/node_modules/tsbuffer-schema": {
      "version": "2.2.0",
      "resolved": "https://registry.npmjs.org/tsbuffer-schema/-/tsbuffer-schema-2.2.0.tgz",
      "integrity": "sha512-I4+5Xfk7G+D++kXdNnYTeY26WQTaf14C84XQwPKteNmrwxRY3CQCkMqASRiCUqtpOuDn43qmoxuXpT+Vo8Wltg=="
    },
    "node_modules/tsbuffer/node_modules/tsbuffer-validator": {
      "version": "2.1.0",
      "resolved": "https://registry.npmjs.org/tsbuffer-validator/-/tsbuffer-validator-2.1.0.tgz",
      "integrity": "sha512-pI4qqKVVFWOF8nF7wGGT+WzNnOMOb1skhSjigtKiWOzkpVhoiOvyPJamFQvc0MVbhoGTySuVUzp3KFclo4lVxw==",
      "dependencies": {
        "k8w-extend-native": "^1.4.6",
        "tsbuffer-schema": "^2.2.0",
        "tslib": "*"
      }
    },
    "node_modules/tslib": {
      "version": "2.4.0",
      "resolved": "https://registry.npmjs.org/tslib/-/tslib-2.4.0.tgz",
      "integrity": "sha512-d6xOpEDfsi2CZVlPQzGeux8XMwLT9hssAsaPYExaQMuYskwb+x1x7J371tWlbBdWHroy99KnVB6qIkUbs5X3UQ=="
    }
  },
  "dependencies": {
    "k8w-extend-native": {
      "version": "1.4.6",
      "resolved": "https://registry.npmjs.org/k8w-extend-native/-/k8w-extend-native-1.4.6.tgz",
      "integrity": "sha512-AHTCyFshldMme0s9FKD+QKG+QZdBkHXzl+8kYfNhsSDhcdQ5TYWQwphjecSJjxNdGd78TIbO0fHiOvM+Ei22YA==",
      "requires": {
        "k8w-linq-array": "*",
        "k8w-super-date": "*",
        "k8w-super-object": "*"
      },
      "dependencies": {
        "k8w-linq-array": {
          "version": "0.2.8",
          "resolved": "https://registry.npmjs.org/k8w-linq-array/-/k8w-linq-array-0.2.8.tgz",
          "integrity": "sha512-4IAkQN8UJdk804tQi++wuwSZvFWk/Wcl1uG5PR/0c0YvB5hUd2f8tJm3OgOMOxjV9UVByNLvnPYGIwrFQPpjlA=="
        },
        "k8w-super-date": {
          "version": "0.1.3",
          "resolved": "https://registry.npmjs.org/k8w-super-date/-/k8w-super-date-0.1.3.tgz",
          "integrity": "sha512-IBqKOAMAXR/bgzu+rYI30tEMP/Y6Q8HQuqJiTkE2mLJg11yok9guoi8uZTynTahviVBndcfBpOgi1H/zhihv7w=="
        },
        "k8w-super-object": {
          "version": "0.3.0",
          "resolved": "https://registry.npmjs.org/k8w-super-object/-/k8w-super-object-0.3.0.tgz",
          "integrity": "sha512-u2jfh4goYXKZmSucaLaOTaNbLRatjv0CSRpzE0KU0732+9XtYZFd5vrdw/mzJfK5fPHb/zyikOSHDX5mJrav+g=="
        }
      }
    },
    "tsbuffer": {
      "version": "2.2.3",
      "resolved": "https://registry.npmjs.org/tsbuffer/-/tsbuffer-2.2.3.tgz",
      "integrity": "sha512-y09egv1BJr4bDSIau88oH14n5AMN1UtDPZ6Fknmj7vb575Xf6OqK90Z7vKdhHOkTJg/1nkkf2iAz7EvC8WVKzA==",
      "requires": {
        "k8w-extend-native": "^1.4.6",
        "tsbuffer-validator": "^2.1.0",
        "tslib": "*"
      },
      "dependencies": {
        "tsbuffer-schema": {
          "version": "2.2.0",
          "resolved": "https://registry.npmjs.org/tsbuffer-schema/-/tsbuffer-schema-2.2.0.tgz",
          "integrity": "sha512-I4+5Xfk7G+D++kXdNnYTeY26WQTaf14C84XQwPKteNmrwxRY3CQCkMqASRiCUqtpOuDn43qmoxuXpT+Vo8Wltg=="
        },
        "tsbuffer-validator": {
          "version": "2.1.0",
          "resolved": "https://registry.npmjs.org/tsbuffer-validator/-/tsbuffer-validator-2.1.0.tgz",
          "integrity": "sha512-pI4qqKVVFWOF8nF7wGGT+WzNnOMOb1skhSjigtKiWOzkpVhoiOvyPJamFQvc0MVbhoGTySuVUzp3KFclo4lVxw==",
          "requires": {
            "k8w-extend-native": "^1.4.6",
            "tsbuffer-schema": "^2.2.0",
            "tslib": "*"
          }
        }
      }
    },
    "tslib": {
      "version": "2.4.0",
      "resolved": "https://registry.npmjs.org/tslib/-/tslib-2.4.0.tgz",
      "integrity": "sha512-d6xOpEDfsi2CZVlPQzGeux8XMwLT9hssAsaPYExaQMuYskwb+x1x7J371tWlbBdWHroy99KnVB6qIkUbs5X3UQ=="
    }
  }
}
