{
  "name": "test",
  "version": "1.0.0",
  "lockfileVersion": 2,
  "requires": true,
  "packages": {
    "": {
      "version": "1.0.0",
      "license": "ISC",
      "dependencies": {
        "tsrpc": "^3.0.5"
      }
    },
    "node_modules/colors": {
      "version": "1.4.0",
      "resolved": "https://registry.npmjs.org/colors/-/colors-1.4.0.tgz",
      "integrity": "sha512-a+UqTh4kgZg/SlGvfbzDHpgRu7AAQOmmqRHJnxhRZICKFUT91brVhNNt58CMWU9PsBbv3PDCZUHbVxuDiH2mtA==",
      "engines": {
        "node": ">=0.1.90"
      }
    },
    "node_modules/k8w-extend-native": {
      "version": "1.4.5",
      "resolved": "https://registry.npmjs.org/k8w-extend-native/-/k8w-extend-native-1.4.5.tgz",
      "integrity": "sha512-4yeqw4SDXQKwOYAq3DBIBm7L17sRu+vzlnLNRtKm4afsUO2klbIhQuMxdsH3Upsy4jZMdzW+AhEN5d4c5s3PxQ==",
      "dependencies": {
        "k8w-linq-array": "*",
        "k8w-super-date": "*",
        "k8w-super-object": "*"
      }
    },
    "node_modules/k8w-linq-array": {
      "version": "0.2.7",
      "resolved": "https://registry.npmjs.org/k8w-linq-array/-/k8w-linq-array-0.2.7.tgz",
      "integrity": "sha512-E4hwi6c4lqC4b8zBkLK1IH/jOyLnc2lUDixG+DNAhjQmSWdL4KaXkwWmXmRztrxSPLbWPYU4qnmjgGHIZCC+YQ=="
    },
    "node_modules/k8w-super-date": {
      "version": "0.1.3",
      "resolved": "https://registry.npmjs.org/k8w-super-date/-/k8w-super-date-0.1.3.tgz",
      "integrity": "sha512-IBqKOAMAXR/bgzu+rYI30tEMP/Y6Q8HQuqJiTkE2mLJg11yok9guoi8uZTynTahviVBndcfBpOgi1H/zhihv7w=="
    },
    "node_modules/k8w-super-object": {
      "version": "0.3.0",
      "resolved": "https://registry.npmjs.org/k8w-super-object/-/k8w-super-object-0.3.0.tgz",
      "integrity": "sha512-u2jfh4goYXKZmSucaLaOTaNbLRatjv0CSRpzE0KU0732+9XtYZFd5vrdw/mzJfK5fPHb/zyikOSHDX5mJrav+g=="
    },
    "node_modules/tsbuffer": {
      "version": "2.0.4",
      "resolved": "https://registry.npmjs.org/tsbuffer/-/tsbuffer-2.0.4.tgz",
      "integrity": "sha512-9fKhUgCX8i0qT+dzVUF/6Hd+VKAykZajs3Tv82bWX72p78N4W3qvd4UqFoTSruSbDEAo2+5Kk3X9oThFWuOM9Q==",
      "dependencies": {
        "k8w-extend-native": "^1.4.5",
        "tsbuffer-validator": "^2.0.4",
        "tslib": "^2.3.0"
      }
    },
    "node_modules/tsbuffer-schema": {
      "version": "2.0.2",
      "resolved": "https://registry.npmjs.org/tsbuffer-schema/-/tsbuffer-schema-2.0.2.tgz",
      "integrity": "sha512-uSlbDKe9u15ZMXakD+Jt2KY8CGjzekGojdJ+BXB6YZGQ2rZyYhYJrAXFXmOH9ocRC7tyeP347g1g8eyZ+s6A1A=="
    },
    "node_modules/tsbuffer-validator": {
      "version": "2.0.4",
      "resolved": "https://registry.npmjs.org/tsbuffer-validator/-/tsbuffer-validator-2.0.4.tgz",
      "integrity": "sha512-ajW+/ivbJQtysoQpUXCKRYEKHDBNBemFlwFOUzcYxAbd7SUaOOoakxCdQPE+NPZk0pSHRYgw6U4+zhWxEWQSyg==",
      "dependencies": {
        "k8w-extend-native": "^1.4.5",
        "tsbuffer-schema": "~2.0.2",
        "tslib": "^2.3.0"
      }
    },
    "node_modules/tslib": {
      "version": "2.3.1",
      "resolved": "https://registry.npmjs.org/tslib/-/tslib-2.3.1.tgz",
      "integrity": "sha512-77EbyPPpMz+FRFRuAFlWMtmgUWGe9UOG2Z25NqCwiIjRhOf5iKGuzSe5P2w1laq+FkRy4p+PCuVkJSGkzTEKVw=="
    },
    "node_modules/tsrpc": {
      "version": "3.0.5",
      "resolved": "https://registry.npmjs.org/tsrpc/-/tsrpc-3.0.5.tgz",
      "integrity": "sha512-TyeO7xtxVmZxNr9rmCChMy6dE8NWNqE49U/7Tp8nNXCiht7aT3z9vLy6olwDuYhERYf55mQ8AZ2eNCMUDQNRgA==",
      "dependencies": {
        "colors": "^1.4.0",
        "tsbuffer": "~2.0.4",
        "tsrpc-base-client": "~1.0.8",
        "tsrpc-proto": "~1.3.4",
        "uuid": "^8.3.2",
        "ws": "^7.5.3"
      }
    },
    "node_modules/tsrpc-base-client": {
      "version": "1.0.10",
      "resolved": "https://registry.npmjs.org/tsrpc-base-client/-/tsrpc-base-client-1.0.10.tgz",
      "integrity": "sha512-8UlelH5M0E0z07bj6V32ZyVrrXfWJ4BFIp37FHiKJgzkrMziK0mh/ZXZJe73NPldAmLqpoM5f1OE+JBP07Hu4w==",
      "dependencies": {
        "k8w-extend-native": "^1.4.5",
        "tsbuffer": "^2.0.4",
        "tslib": "^2.3.0",
        "tsrpc-proto": "^1.3.4"
      }
    },
    "node_modules/tsrpc-proto": {
      "version": "1.3.4",
      "resolved": "https://registry.npmjs.org/tsrpc-proto/-/tsrpc-proto-1.3.4.tgz",
      "integrity": "sha512-kdy9NVU02IGGm0qL9i30zkC7JVMw3z2xtYIfr5R0uBwweq38y7mDP5GByJbXXqykdU1HiKDlMV0y2dBdLBQsOA==",
      "dependencies": {
        "tsbuffer-schema": "^2.0.2"
      }
    },
    "node_modules/uuid": {
      "version": "8.3.2",
      "resolved": "https://registry.npmjs.org/uuid/-/uuid-8.3.2.tgz",
      "integrity": "sha512-+NYs2QeMWy+GWFOEm9xnn6HCDp0l7QBD7ml8zLUmJ+93Q5NF0NocErnwkTkXVFNiX3/fpC6afS8Dhb/gz7R7eg==",
      "bin": {
        "uuid": "dist/bin/uuid"
      }
    },
    "node_modules/ws": {
      "version": "7.5.5",
      "resolved": "https://registry.npmjs.org/ws/-/ws-7.5.5.tgz",
      "integrity": "sha512-BAkMFcAzl8as1G/hArkxOxq3G7pjUqQ3gzYbLL0/5zNkph70e+lCoxBGnm6AW1+/aiNeV4fnKqZ8m4GZewmH2w==",
      "engines": {
        "node": ">=8.3.0"
      },
      "peerDependencies": {
        "bufferutil": "^4.0.1",
        "utf-8-validate": "^5.0.2"
      },
      "peerDependenciesMeta": {
        "bufferutil": {
          "optional": true
        },
        "utf-8-validate": {
          "optional": true
        }
      }
    }
  },
  "dependencies": {
    "colors": {
      "version": "1.4.0",
      "resolved": "https://registry.npmjs.org/colors/-/colors-1.4.0.tgz",
      "integrity": "sha512-a+UqTh4kgZg/SlGvfbzDHpgRu7AAQOmmqRHJnxhRZICKFUT91brVhNNt58CMWU9PsBbv3PDCZUHbVxuDiH2mtA=="
    },
    "k8w-extend-native": {
      "version": "1.4.5",
      "resolved": "https://registry.npmjs.org/k8w-extend-native/-/k8w-extend-native-1.4.5.tgz",
      "integrity": "sha512-4yeqw4SDXQKwOYAq3DBIBm7L17sRu+vzlnLNRtKm4afsUO2klbIhQuMxdsH3Upsy4jZMdzW+AhEN5d4c5s3PxQ==",
      "requires": {
        "k8w-linq-array": "*",
        "k8w-super-date": "*",
        "k8w-super-object": "*"
      }
    },
    "k8w-linq-array": {
      "version": "0.2.7",
      "resolved": "https://registry.npmjs.org/k8w-linq-array/-/k8w-linq-array-0.2.7.tgz",
      "integrity": "sha512-E4hwi6c4lqC4b8zBkLK1IH/jOyLnc2lUDixG+DNAhjQmSWdL4KaXkwWmXmRztrxSPLbWPYU4qnmjgGHIZCC+YQ=="
    },
    "k8w-super-date": {
      "version": "0.1.3",
      "resolved": "https://registry.npmjs.org/k8w-super-date/-/k8w-super-date-0.1.3.tgz",
      "integrity": "sha512-IBqKOAMAXR/bgzu+rYI30tEMP/Y6Q8HQuqJiTkE2mLJg11yok9guoi8uZTynTahviVBndcfBpOgi1H/zhihv7w=="
    },
    "k8w-super-object": {
      "version": "0.3.0",
      "resolved": "https://registry.npmjs.org/k8w-super-object/-/k8w-super-object-0.3.0.tgz",
      "integrity": "sha512-u2jfh4goYXKZmSucaLaOTaNbLRatjv0CSRpzE0KU0732+9XtYZFd5vrdw/mzJfK5fPHb/zyikOSHDX5mJrav+g=="
    },
    "tsbuffer": {
      "version": "2.0.4",
      "resolved": "https://registry.npmjs.org/tsbuffer/-/tsbuffer-2.0.4.tgz",
      "integrity": "sha512-9fKhUgCX8i0qT+dzVUF/6Hd+VKAykZajs3Tv82bWX72p78N4W3qvd4UqFoTSruSbDEAo2+5Kk3X9oThFWuOM9Q==",
      "requires": {
        "k8w-extend-native": "^1.4.5",
        "tsbuffer-validator": "^2.0.4",
        "tslib": "^2.3.0"
      }
    },
    "tsbuffer-schema": {
      "version": "2.0.2",
      "resolved": "https://registry.npmjs.org/tsbuffer-schema/-/tsbuffer-schema-2.0.2.tgz",
      "integrity": "sha512-uSlbDKe9u15ZMXakD+Jt2KY8CGjzekGojdJ+BXB6YZGQ2rZyYhYJrAXFXmOH9ocRC7tyeP347g1g8eyZ+s6A1A=="
    },
    "tsbuffer-validator": {
      "version": "2.0.4",
      "resolved": "https://registry.npmjs.org/tsbuffer-validator/-/tsbuffer-validator-2.0.4.tgz",
      "integrity": "sha512-ajW+/ivbJQtysoQpUXCKRYEKHDBNBemFlwFOUzcYxAbd7SUaOOoakxCdQPE+NPZk0pSHRYgw6U4+zhWxEWQSyg==",
      "requires": {
        "k8w-extend-native": "^1.4.5",
        "tsbuffer-schema": "~2.0.2",
        "tslib": "^2.3.0"
      }
    },
    "tslib": {
      "version": "2.3.1",
      "resolved": "https://registry.npmjs.org/tslib/-/tslib-2.3.1.tgz",
      "integrity": "sha512-77EbyPPpMz+FRFRuAFlWMtmgUWGe9UOG2Z25NqCwiIjRhOf5iKGuzSe5P2w1laq+FkRy4p+PCuVkJSGkzTEKVw=="
    },
    "tsrpc": {
      "version": "3.0.5",
      "resolved": "https://registry.npmjs.org/tsrpc/-/tsrpc-3.0.5.tgz",
      "integrity": "sha512-TyeO7xtxVmZxNr9rmCChMy6dE8NWNqE49U/7Tp8nNXCiht7aT3z9vLy6olwDuYhERYf55mQ8AZ2eNCMUDQNRgA==",
      "requires": {
        "colors": "^1.4.0",
        "tsbuffer": "~2.0.4",
        "tsrpc-base-client": "~1.0.8",
        "tsrpc-proto": "~1.3.4",
        "uuid": "^8.3.2",
        "ws": "^7.5.3"
      }
    },
    "tsrpc-base-client": {
      "version": "1.0.10",
      "resolved": "https://registry.npmjs.org/tsrpc-base-client/-/tsrpc-base-client-1.0.10.tgz",
      "integrity": "sha512-8UlelH5M0E0z07bj6V32ZyVrrXfWJ4BFIp37FHiKJgzkrMziK0mh/ZXZJe73NPldAmLqpoM5f1OE+JBP07Hu4w==",
      "requires": {
        "k8w-extend-native": "^1.4.5",
        "tsbuffer": "^2.0.4",
        "tslib": "^2.3.0",
        "tsrpc-proto": "^1.3.4"
      }
    },
    "tsrpc-proto": {
      "version": "1.3.4",
      "resolved": "https://registry.npmjs.org/tsrpc-proto/-/tsrpc-proto-1.3.4.tgz",
      "integrity": "sha512-kdy9NVU02IGGm0qL9i30zkC7JVMw3z2xtYIfr5R0uBwweq38y7mDP5GByJbXXqykdU1HiKDlMV0y2dBdLBQsOA==",
      "requires": {
        "tsbuffer-schema": "^2.0.2"
      }
    },
    "uuid": {
      "version": "8.3.2",
      "resolved": "https://registry.npmjs.org/uuid/-/uuid-8.3.2.tgz",
      "integrity": "sha512-+NYs2QeMWy+GWFOEm9xnn6HCDp0l7QBD7ml8zLUmJ+93Q5NF0NocErnwkTkXVFNiX3/fpC6afS8Dhb/gz7R7eg=="
    },
    "ws": {
      "version": "7.5.5",
      "resolved": "https://registry.npmjs.org/ws/-/ws-7.5.5.tgz",
      "integrity": "sha512-BAkMFcAzl8as1G/hArkxOxq3G7pjUqQ3gzYbLL0/5zNkph70e+lCoxBGnm6AW1+/aiNeV4fnKqZ8m4GZewmH2w==",
      "requires": {}
    }
  }
}
